
Microsoft Visual Studio Solution File, Format Version 12.00
# Visual Studio Version 17
VisualStudioVersion = 17.8.34511.84
MinimumVisualStudioVersion = 10.0.40219.1
Project("{9A19103F-16F7-4668-BE54-9A1E7A4F7556}") = "CRM.API", "CRM.API\CRM.API.csproj", "{EF7059F6-CDE8-41A8-9B42-079EB8F32892}"
EndProject
Project("{9A19103F-16F7-4668-BE54-9A1E7A4F7556}") = "CRM.DTOs", "CRM.DTOs\CRM.DTOs.csproj", "{325C62BA-DF94-4954-A971-6908520FB3D9}"
EndProject
Project("{9A19103F-16F7-4668-BE54-9A1E7A4F7556}") = "CRM.AppWebMVC", "CRM.AppWebMVC\CRM.AppWebMVC.csproj", "{D0D91559-1A55-4643-B413-784E8B1E4E61}"
EndProject
Project("{9A19103F-16F7-4668-BE54-9A1E7A4F7556}") = "CRM.AppWebBlazor", "CRM.AppWebBlazor\CRM.AppWebBlazor.csproj", "{70E5CE86-1C5F-4240-BEF2-A9CF7DEFB19E}"
EndProject
Global
	GlobalSection(SolutionConfigurationPlatforms) = preSolution
		Debug|Any CPU = Debug|Any CPU
		Release|Any CPU = Release|Any CPU
	EndGlobalSection
	GlobalSection(ProjectConfigurationPlatforms) = postSolution
		{EF7059F6-CDE8-41A8-9B42-079EB8F32892}.Debug|Any CPU.ActiveCfg = Debug|Any CPU
		{EF7059F6-CDE8-41A8-9B42-079EB8F32892}.Debug|Any CPU.Build.0 = Debug|Any CPU
		{EF7059F6-CDE8-41A8-9B42-079EB8F32892}.Release|Any CPU.ActiveCfg = Release|Any CPU
		{EF7059F6-CDE8-41A8-9B42-079EB8F32892}.Release|Any CPU.Build.0 = Release|Any CPU
		{325C62BA-DF94-4954-A971-6908520FB3D9}.Debug|Any CPU.ActiveCfg = Debug|Any CPU
		{325C62BA-DF94-4954-A971-6908520FB3D9}.Debug|Any CPU.Build.0 = Debug|Any CPU
		{325C62BA-DF94-4954-A971-6908520FB3D9}.Release|Any CPU.ActiveCfg = Release|Any CPU
		{325C62BA-DF94-4954-A971-6908520FB3D9}.Release|Any CPU.Build.0 = Release|Any CPU
		{D0D91559-1A55-4643-B413-784E8B1E4E61}.Debug|Any CPU.ActiveCfg = Debug|Any CPU
		{D0D91559-1A55-4643-B413-784E8B1E4E61}.Debug|Any CPU.Build.0 = Debug|Any CPU
		{D0D91559-1A55-4643-B413-784E8B1E4E61}.Release|Any CPU.ActiveCfg = Release|Any CPU
		{D0D91559-1A55-4643-B413-784E8B1E4E61}.Release|Any CPU.Build.0 = Release|Any CPU
		{70E5CE86-1C5F-4240-BEF2-A9CF7DEFB19E}.Debug|Any CPU.ActiveCfg = Debug|Any CPU
		{70E5CE86-1C5F-4240-BEF2-A9CF7DEFB19E}.Debug|Any CPU.Build.0 = Debug|Any CPU
		{70E5CE86-1C5F-4240-BEF2-A9CF7DEFB19E}.Release|Any CPU.ActiveCfg = Release|Any CPU
		{70E5CE86-1C5F-4240-BEF2-A9CF7DEFB19E}.Release|Any CPU.Build.0 = Release|Any CPU
	EndGlobalSection
	GlobalSection(SolutionProperties) = preSolution
		HideSolutionNode = FALSE
	EndGlobalSection
	GlobalSection(ExtensibilityGlobals) = postSolution
		SolutionGuid = {71B74030-8210-41EE-8375-7EA1AD6DAF46}
	EndGlobalSection
EndGlobal
